// !$*UTF8*$!
{
	archiveVersion = 1;
	classes = {
	};
	objectVersion = 48;
	objects = {

/* Begin PBXBuildFile section */
		6D63F05ABD356DFF107CF4E1 /* libPods-GitPeepUITests.a in Frameworks */ = {isa = PBXBuildFile; fileRef = D66E8876C7B2082FA9B020A1 /* libPods-GitPeepUITests.a */; };
		7109E0931FFE5E7100887DFE /* TYViewController.m in Sources */ = {isa = PBXBuildFile; fileRef = 7109E0921FFE5E7100887DFE /* TYViewController.m */; };
		7109E09A1FFE62ED00887DFE /* TYRouter.m in Sources */ = {isa = PBXBuildFile; fileRef = 7109E0991FFE62ED00887DFE /* TYRouter.m */; };
		7109E09E1FFE78EB00887DFE /* TYTabBarController.m in Sources */ = {isa = PBXBuildFile; fileRef = 7109E09D1FFE78EB00887DFE /* TYTabBarController.m */; };
		7109E0A11FFE7D9300887DFE /* TYMainController.m in Sources */ = {isa = PBXBuildFile; fileRef = 7109E0A01FFE7D9300887DFE /* TYMainController.m */; };
		7109E0B11FFE81CB00887DFE /* TYMainViewModel.m in Sources */ = {isa = PBXBuildFile; fileRef = 7109E0B01FFE81CB00887DFE /* TYMainViewModel.m */; };
		717924EF200CE20F0097925E /* TYNewFeatureViewModel.m in Sources */ = {isa = PBXBuildFile; fileRef = 717924EE200CE20F0097925E /* TYNewFeatureViewModel.m */; };
		717924F4200CE2790097925E /* TYNewsViewModel.m in Sources */ = {isa = PBXBuildFile; fileRef = 717924F3200CE2790097925E /* TYNewsViewModel.m */; };
		717924F7200CE2B50097925E /* TYBootLoginViewModel.m in Sources */ = {isa = PBXBuildFile; fileRef = 717924F6200CE2B50097925E /* TYBootLoginViewModel.m */; };
		717924FA200CE2D90097925E /* TYAccountLoginViewModel.m in Sources */ = {isa = PBXBuildFile; fileRef = 717924F9200CE2D90097925E /* TYAccountLoginViewModel.m */; };
		9F0DC0302021B3D200A64050 /* TYReposViewModel.m in Sources */ = {isa = PBXBuildFile; fileRef = 9F0DC02F2021B3D200A64050 /* TYReposViewModel.m */; };
		9F0DC0332021B3E600A64050 /* TYProfileViewModel.m in Sources */ = {isa = PBXBuildFile; fileRef = 9F0DC0322021B3E600A64050 /* TYProfileViewModel.m */; };
		9F0DC0362021B3FD00A64050 /* TYExploreViewModel.m in Sources */ = {isa = PBXBuildFile; fileRef = 9F0DC0352021B3FD00A64050 /* TYExploreViewModel.m */; };
		9F3B5C971FFF42AB00A8FACD /* TYExploreController.m in Sources */ = {isa = PBXBuildFile; fileRef = 9F3B5C961FFF42AB00A8FACD /* TYExploreController.m */; };
		9F3B5C9A1FFF42B500A8FACD /* TYNewsController.m in Sources */ = {isa = PBXBuildFile; fileRef = 9F3B5C981FFF42B500A8FACD /* TYNewsController.m */; };
		9F3B5C9D1FFF42BF00A8FACD /* TYProfileController.m in Sources */ = {isa = PBXBuildFile; fileRef = 9F3B5C9C1FFF42BF00A8FACD /* TYProfileController.m */; };
		9F3B5CA01FFF42C900A8FACD /* TYReposController.m in Sources */ = {isa = PBXBuildFile; fileRef = 9F3B5C9F1FFF42C800A8FACD /* TYReposController.m */; };
		9F5FAF9D2027FAED008CA739 /* UIView+frame.m in Sources */ = {isa = PBXBuildFile; fileRef = 9F5FAF9C2027FAED008CA739 /* UIView+frame.m */; };
		9F5FAFA02027FCB6008CA739 /* UIImage+TYOcticons.m in Sources */ = {isa = PBXBuildFile; fileRef = 9F5FAF9F2027FCB6008CA739 /* UIImage+TYOcticons.m */; };
		9F5FAFA32028000B008CA739 /* UIView+line.m in Sources */ = {isa = PBXBuildFile; fileRef = 9F5FAFA22028000B008CA739 /* UIView+line.m */; };
		9F5FAFC920284B95008CA739 /* OctoKit.framework in Frameworks */ = {isa = PBXBuildFile; fileRef = 9F5FAFC820284B95008CA739 /* OctoKit.framework */; settings = {ATTRIBUTES = (Weak, ); }; };
		9F5FAFCB20284C3D008CA739 /* AFNetworking.framework in Frameworks */ = {isa = PBXBuildFile; fileRef = 9F5FAFCA20284C3C008CA739 /* AFNetworking.framework */; settings = {ATTRIBUTES = (Weak, ); }; };
		9F5FAFCD20284C48008CA739 /* ISO8601DateFormatter.framework in Frameworks */ = {isa = PBXBuildFile; fileRef = 9F5FAFCC20284C48008CA739 /* ISO8601DateFormatter.framework */; settings = {ATTRIBUTES = (Weak, ); }; };
		9F5FAFCF20284C51008CA739 /* Mantle.framework in Frameworks */ = {isa = PBXBuildFile; fileRef = 9F5FAFCE20284C51008CA739 /* Mantle.framework */; settings = {ATTRIBUTES = (Weak, ); }; };
		9FBF5DA31FF510690032418D /* AppDelegate.m in Sources */ = {isa = PBXBuildFile; fileRef = 9FBF5DA21FF510690032418D /* AppDelegate.m */; };
		9FBF5DAB1FF510690032418D /* Assets.xcassets in Resources */ = {isa = PBXBuildFile; fileRef = 9FBF5DAA1FF510690032418D /* Assets.xcassets */; };
		9FBF5DAE1FF510690032418D /* LaunchScreen.storyboard in Resources */ = {isa = PBXBuildFile; fileRef = 9FBF5DAC1FF510690032418D /* LaunchScreen.storyboard */; };
		9FBF5DB11FF510690032418D /* main.m in Sources */ = {isa = PBXBuildFile; fileRef = 9FBF5DB01FF510690032418D /* main.m */; };
		9FBF5DBB1FF510690032418D /* GitPeepTests.m in Sources */ = {isa = PBXBuildFile; fileRef = 9FBF5DBA1FF510690032418D /* GitPeepTests.m */; };
		9FBF5DC61FF510690032418D /* GitPeepUITests.m in Sources */ = {isa = PBXBuildFile; fileRef = 9FBF5DC51FF510690032418D /* GitPeepUITests.m */; };
		9FC2BEA620173024006BCFE9 /* SAMKeychain+GHUtil.m in Sources */ = {isa = PBXBuildFile; fileRef = 9FC2BEA520173024006BCFE9 /* SAMKeychain+GHUtil.m */; };
		9FC2BEA9201738B6006BCFE9 /* TYUtils.m in Sources */ = {isa = PBXBuildFile; fileRef = 9FC2BEA8201738B6006BCFE9 /* TYUtils.m */; };
		9FD507AC2022E7C3004F2F96 /* TYNavigationController.m in Sources */ = {isa = PBXBuildFile; fileRef = 9FD507AB2022E7C3004F2F96 /* TYNavigationController.m */; };
		9FD507AF2022F84B004F2F96 /* YYFPSLabel.m in Sources */ = {isa = PBXBuildFile; fileRef = 9FD507AE2022F84B004F2F96 /* YYFPSLabel.m */; };
		9FDE45CB1FFC80B600E1DCE4 /* TYConstant.m in Sources */ = {isa = PBXBuildFile; fileRef = 9FDE45CA1FFC80B600E1DCE4 /* TYConstant.m */; };
		9FDE45D11FFCFDCA00E1DCE4 /* TYViewModel.m in Sources */ = {isa = PBXBuildFile; fileRef = 9FDE45D01FFCFDCA00E1DCE4 /* TYViewModel.m */; };
		9FDE45D61FFD071A00E1DCE4 /* TYViewModelServicesImpl.m in Sources */ = {isa = PBXBuildFile; fileRef = 9FDE45D51FFD071A00E1DCE4 /* TYViewModelServicesImpl.m */; };
		9FDE45D91FFD0A3200E1DCE4 /* TYNavigationControllerStack.m in Sources */ = {isa = PBXBuildFile; fileRef = 9FDE45D81FFD0A3200E1DCE4 /* TYNavigationControllerStack.m */; };
		9FF844932015B39200FF4DCF /* TYNewFeatureController.m in Sources */ = {isa = PBXBuildFile; fileRef = 9FF844922015B39200FF4DCF /* TYNewFeatureController.m */; };
		9FF844962015B40900FF4DCF /* TYBootLoginController.m in Sources */ = {isa = PBXBuildFile; fileRef = 9FF844952015B40900FF4DCF /* TYBootLoginController.m */; };
		9FF844992015B42A00FF4DCF /* TYAccountLoginController.m in Sources */ = {isa = PBXBuildFile; fileRef = 9FF844982015B42A00FF4DCF /* TYAccountLoginController.m */; };
		C51646EBA5BB643A8C78BBEF /* libPods-GitPeep.a in Frameworks */ = {isa = PBXBuildFile; fileRef = 1954A772F434F09F94CD24AF /* libPods-GitPeep.a */; };
		FEC8E996A93D3216FF86CB82 /* libPods-GitPeepTests.a in Frameworks */ = {isa = PBXBuildFile; fileRef = D47EE3B24397F793DDA5CBF2 /* libPods-GitPeepTests.a */; };
/* End PBXBuildFile section */

/* Begin PBXContainerItemProxy section */
		9FBF5DB71FF510690032418D /* PBXContainerItemProxy */ = {
			isa = PBXContainerItemProxy;
			containerPortal = 9FBF5D961FF510690032418D /* Project object */;
			proxyType = 1;
			remoteGlobalIDString = 9FBF5D9D1FF510690032418D;
			remoteInfo = GitPeep;
		};
		9FBF5DC21FF510690032418D /* PBXContainerItemProxy */ = {
			isa = PBXContainerItemProxy;
			containerPortal = 9FBF5D961FF510690032418D /* Project object */;
			proxyType = 1;
			remoteGlobalIDString = 9FBF5D9D1FF510690032418D;
			remoteInfo = GitPeep;
		};
/* End PBXContainerItemProxy section */

/* Begin PBXFileReference section */
		0D34CA5B71BC2795E7568D7D /* Pods-GitPeepUITests.debug.xcconfig */ = {isa = PBXFileReference; includeInIndex = 1; lastKnownFileType = text.xcconfig; name = "Pods-GitPeepUITests.debug.xcconfig"; path = "Pods/Target Support Files/Pods-GitPeepUITests/Pods-GitPeepUITests.debug.xcconfig"; sourceTree = "<group>"; };
		1954A772F434F09F94CD24AF /* libPods-GitPeep.a */ = {isa = PBXFileReference; explicitFileType = archive.ar; includeInIndex = 0; path = "libPods-GitPeep.a"; sourceTree = BUILT_PRODUCTS_DIR; };
		1CF1D49280F965098EB470EE /* Pods-GitPeepTests.release.xcconfig */ = {isa = PBXFileReference; includeInIndex = 1; lastKnownFileType = text.xcconfig; name = "Pods-GitPeepTests.release.xcconfig"; path = "Pods/Target Support Files/Pods-GitPeepTests/Pods-GitPeepTests.release.xcconfig"; sourceTree = "<group>"; };
		2EC9BCCFC8812056E42CC6EE /* Pods-GitPeepUITests.release.xcconfig */ = {isa = PBXFileReference; includeInIndex = 1; lastKnownFileType = text.xcconfig; name = "Pods-GitPeepUITests.release.xcconfig"; path = "Pods/Target Support Files/Pods-GitPeepUITests/Pods-GitPeepUITests.release.xcconfig"; sourceTree = "<group>"; };
		7109E0911FFE5E7100887DFE /* TYViewController.h */ = {isa = PBXFileReference; lastKnownFileType = sourcecode.c.h; path = TYViewController.h; sourceTree = "<group>"; };
		7109E0921FFE5E7100887DFE /* TYViewController.m */ = {isa = PBXFileReference; lastKnownFileType = sourcecode.c.objc; path = TYViewController.m; sourceTree = "<group>"; };
		7109E0981FFE62ED00887DFE /* TYRouter.h */ = {isa = PBXFileReference; lastKnownFileType = sourcecode.c.h; path = TYRouter.h; sourceTree = "<group>"; };
		7109E0991FFE62ED00887DFE /* TYRouter.m */ = {isa = PBXFileReference; lastKnownFileType = sourcecode.c.objc; path = TYRouter.m; sourceTree = "<group>"; };
		7109E09C1FFE78EB00887DFE /* TYTabBarController.h */ = {isa = PBXFileReference; lastKnownFileType = sourcecode.c.h; path = TYTabBarController.h; sourceTree = "<group>"; };
		7109E09D1FFE78EB00887DFE /* TYTabBarController.m */ = {isa = PBXFileReference; lastKnownFileType = sourcecode.c.objc; path = TYTabBarController.m; sourceTree = "<group>"; };
		7109E09F1FFE7D9300887DFE /* TYMainController.h */ = {isa = PBXFileReference; lastKnownFileType = sourcecode.c.h; path = TYMainController.h; sourceTree = "<group>"; };
		7109E0A01FFE7D9300887DFE /* TYMainController.m */ = {isa = PBXFileReference; lastKnownFileType = sourcecode.c.objc; path = TYMainController.m; sourceTree = "<group>"; };
		7109E0AF1FFE81CB00887DFE /* TYMainViewModel.h */ = {isa = PBXFileReference; lastKnownFileType = sourcecode.c.h; path = TYMainViewModel.h; sourceTree = "<group>"; };
		7109E0B01FFE81CB00887DFE /* TYMainViewModel.m */ = {isa = PBXFileReference; lastKnownFileType = sourcecode.c.objc; path = TYMainViewModel.m; sourceTree = "<group>"; };
		717924ED200CE20F0097925E /* TYNewFeatureViewModel.h */ = {isa = PBXFileReference; lastKnownFileType = sourcecode.c.h; path = TYNewFeatureViewModel.h; sourceTree = "<group>"; };
		717924EE200CE20F0097925E /* TYNewFeatureViewModel.m */ = {isa = PBXFileReference; lastKnownFileType = sourcecode.c.objc; path = TYNewFeatureViewModel.m; sourceTree = "<group>"; };
		717924F2200CE2790097925E /* TYNewsViewModel.h */ = {isa = PBXFileReference; lastKnownFileType = sourcecode.c.h; path = TYNewsViewModel.h; sourceTree = "<group>"; };
		717924F3200CE2790097925E /* TYNewsViewModel.m */ = {isa = PBXFileReference; lastKnownFileType = sourcecode.c.objc; path = TYNewsViewModel.m; sourceTree = "<group>"; };
		717924F5200CE2B50097925E /* TYBootLoginViewModel.h */ = {isa = PBXFileReference; lastKnownFileType = sourcecode.c.h; path = TYBootLoginViewModel.h; sourceTree = "<group>"; };
		717924F6200CE2B50097925E /* TYBootLoginViewModel.m */ = {isa = PBXFileReference; lastKnownFileType = sourcecode.c.objc; path = TYBootLoginViewModel.m; sourceTree = "<group>"; };
		717924F8200CE2D90097925E /* TYAccountLoginViewModel.h */ = {isa = PBXFileReference; lastKnownFileType = sourcecode.c.h; path = TYAccountLoginViewModel.h; sourceTree = "<group>"; };
		717924F9200CE2D90097925E /* TYAccountLoginViewModel.m */ = {isa = PBXFileReference; lastKnownFileType = sourcecode.c.objc; path = TYAccountLoginViewModel.m; sourceTree = "<group>"; };
		956CEF98E0C9C96FE156CB86 /* Pods-GitPeepTests.debug.xcconfig */ = {isa = PBXFileReference; includeInIndex = 1; lastKnownFileType = text.xcconfig; name = "Pods-GitPeepTests.debug.xcconfig"; path = "Pods/Target Support Files/Pods-GitPeepTests/Pods-GitPeepTests.debug.xcconfig"; sourceTree = "<group>"; };
		9F0DC02E2021B3D200A64050 /* TYReposViewModel.h */ = {isa = PBXFileReference; lastKnownFileType = sourcecode.c.h; path = TYReposViewModel.h; sourceTree = "<group>"; };
		9F0DC02F2021B3D200A64050 /* TYReposViewModel.m */ = {isa = PBXFileReference; lastKnownFileType = sourcecode.c.objc; path = TYReposViewModel.m; sourceTree = "<group>"; };
		9F0DC0312021B3E600A64050 /* TYProfileViewModel.h */ = {isa = PBXFileReference; lastKnownFileType = sourcecode.c.h; path = TYProfileViewModel.h; sourceTree = "<group>"; };
		9F0DC0322021B3E600A64050 /* TYProfileViewModel.m */ = {isa = PBXFileReference; lastKnownFileType = sourcecode.c.objc; path = TYProfileViewModel.m; sourceTree = "<group>"; };
		9F0DC0342021B3FD00A64050 /* TYExploreViewModel.h */ = {isa = PBXFileReference; lastKnownFileType = sourcecode.c.h; path = TYExploreViewModel.h; sourceTree = "<group>"; };
		9F0DC0352021B3FD00A64050 /* TYExploreViewModel.m */ = {isa = PBXFileReference; lastKnownFileType = sourcecode.c.objc; path = TYExploreViewModel.m; sourceTree = "<group>"; };
		9F3B5C951FFF42AB00A8FACD /* TYExploreController.h */ = {isa = PBXFileReference; fileEncoding = 4; lastKnownFileType = sourcecode.c.h; path = TYExploreController.h; sourceTree = "<group>"; };
		9F3B5C961FFF42AB00A8FACD /* TYExploreController.m */ = {isa = PBXFileReference; fileEncoding = 4; lastKnownFileType = sourcecode.c.objc; path = TYExploreController.m; sourceTree = "<group>"; };
		9F3B5C981FFF42B500A8FACD /* TYNewsController.m */ = {isa = PBXFileReference; fileEncoding = 4; lastKnownFileType = sourcecode.c.objc; path = TYNewsController.m; sourceTree = "<group>"; };
		9F3B5C991FFF42B500A8FACD /* TYNewsController.h */ = {isa = PBXFileReference; fileEncoding = 4; lastKnownFileType = sourcecode.c.h; path = TYNewsController.h; sourceTree = "<group>"; };
		9F3B5C9B1FFF42BF00A8FACD /* TYProfileController.h */ = {isa = PBXFileReference; fileEncoding = 4; lastKnownFileType = sourcecode.c.h; path = TYProfileController.h; sourceTree = "<group>"; };
		9F3B5C9C1FFF42BF00A8FACD /* TYProfileController.m */ = {isa = PBXFileReference; fileEncoding = 4; lastKnownFileType = sourcecode.c.objc; path = TYProfileController.m; sourceTree = "<group>"; };
		9F3B5C9E1FFF42C800A8FACD /* TYReposController.h */ = {isa = PBXFileReference; fileEncoding = 4; lastKnownFileType = sourcecode.c.h; path = TYReposController.h; sourceTree = "<group>"; };
		9F3B5C9F1FFF42C800A8FACD /* TYReposController.m */ = {isa = PBXFileReference; fileEncoding = 4; lastKnownFileType = sourcecode.c.objc; path = TYReposController.m; sourceTree = "<group>"; };
		9F5FAF9B2027FAED008CA739 /* UIView+frame.h */ = {isa = PBXFileReference; fileEncoding = 4; lastKnownFileType = sourcecode.c.h; path = "UIView+frame.h"; sourceTree = "<group>"; };
		9F5FAF9C2027FAED008CA739 /* UIView+frame.m */ = {isa = PBXFileReference; fileEncoding = 4; lastKnownFileType = sourcecode.c.objc; path = "UIView+frame.m"; sourceTree = "<group>"; };
		9F5FAF9E2027FCB6008CA739 /* UIImage+TYOcticons.h */ = {isa = PBXFileReference; lastKnownFileType = sourcecode.c.h; path = "UIImage+TYOcticons.h"; sourceTree = "<group>"; };
		9F5FAF9F2027FCB6008CA739 /* UIImage+TYOcticons.m */ = {isa = PBXFileReference; lastKnownFileType = sourcecode.c.objc; path = "UIImage+TYOcticons.m"; sourceTree = "<group>"; };
		9F5FAFA12028000B008CA739 /* UIView+line.h */ = {isa = PBXFileReference; lastKnownFileType = sourcecode.c.h; path = "UIView+line.h"; sourceTree = "<group>"; };
		9F5FAFA22028000B008CA739 /* UIView+line.m */ = {isa = PBXFileReference; lastKnownFileType = sourcecode.c.objc; path = "UIView+line.m"; sourceTree = "<group>"; };
		9F5FAFC820284B95008CA739 /* OctoKit.framework */ = {isa = PBXFileReference; lastKnownFileType = wrapper.framework; path = OctoKit.framework; sourceTree = "<group>"; };
		9F5FAFCA20284C3C008CA739 /* AFNetworking.framework */ = {isa = PBXFileReference; lastKnownFileType = wrapper.framework; path = AFNetworking.framework; sourceTree = "<group>"; };
		9F5FAFCC20284C48008CA739 /* ISO8601DateFormatter.framework */ = {isa = PBXFileReference; lastKnownFileType = wrapper.framework; path = ISO8601DateFormatter.framework; sourceTree = "<group>"; };
		9F5FAFCE20284C51008CA739 /* Mantle.framework */ = {isa = PBXFileReference; lastKnownFileType = wrapper.framework; path = Mantle.framework; sourceTree = "<group>"; };
		9F5FAFD020284CC4008CA739 /* ReactiveCocoa.framework */ = {isa = PBXFileReference; lastKnownFileType = wrapper.framework; path = ReactiveCocoa.framework; sourceTree = "<group>"; };
		9FBF5D9E1FF510690032418D /* GitPeep.app */ = {isa = PBXFileReference; explicitFileType = wrapper.application; includeInIndex = 0; path = GitPeep.app; sourceTree = BUILT_PRODUCTS_DIR; };
		9FBF5DA11FF510690032418D /* AppDelegate.h */ = {isa = PBXFileReference; lastKnownFileType = sourcecode.c.h; path = AppDelegate.h; sourceTree = "<group>"; };
		9FBF5DA21FF510690032418D /* AppDelegate.m */ = {isa = PBXFileReference; lastKnownFileType = sourcecode.c.objc; path = AppDelegate.m; sourceTree = "<group>"; };
		9FBF5DAA1FF510690032418D /* Assets.xcassets */ = {isa = PBXFileReference; lastKnownFileType = folder.assetcatalog; path = Assets.xcassets; sourceTree = "<group>"; };
		9FBF5DAD1FF510690032418D /* Base */ = {isa = PBXFileReference; lastKnownFileType = file.storyboard; name = Base; path = Base.lproj/LaunchScreen.storyboard; sourceTree = "<group>"; };
		9FBF5DAF1FF510690032418D /* Info.plist */ = {isa = PBXFileReference; lastKnownFileType = text.plist.xml; path = Info.plist; sourceTree = "<group>"; };
		9FBF5DB01FF510690032418D /* main.m */ = {isa = PBXFileReference; lastKnownFileType = sourcecode.c.objc; path = main.m; sourceTree = "<group>"; };
		9FBF5DB61FF510690032418D /* GitPeepTests.xctest */ = {isa = PBXFileReference; explicitFileType = wrapper.cfbundle; includeInIndex = 0; path = GitPeepTests.xctest; sourceTree = BUILT_PRODUCTS_DIR; };
		9FBF5DBA1FF510690032418D /* GitPeepTests.m */ = {isa = PBXFileReference; lastKnownFileType = sourcecode.c.objc; path = GitPeepTests.m; sourceTree = "<group>"; };
		9FBF5DBC1FF510690032418D /* Info.plist */ = {isa = PBXFileReference; lastKnownFileType = text.plist.xml; path = Info.plist; sourceTree = "<group>"; };
		9FBF5DC11FF510690032418D /* GitPeepUITests.xctest */ = {isa = PBXFileReference; explicitFileType = wrapper.cfbundle; includeInIndex = 0; path = GitPeepUITests.xctest; sourceTree = BUILT_PRODUCTS_DIR; };
		9FBF5DC51FF510690032418D /* GitPeepUITests.m */ = {isa = PBXFileReference; lastKnownFileType = sourcecode.c.objc; path = GitPeepUITests.m; sourceTree = "<group>"; };
		9FBF5DC71FF510690032418D /* Info.plist */ = {isa = PBXFileReference; lastKnownFileType = text.plist.xml; path = Info.plist; sourceTree = "<group>"; };
		9FC2BEA420173024006BCFE9 /* SAMKeychain+GHUtil.h */ = {isa = PBXFileReference; lastKnownFileType = sourcecode.c.h; path = "SAMKeychain+GHUtil.h"; sourceTree = "<group>"; };
		9FC2BEA520173024006BCFE9 /* SAMKeychain+GHUtil.m */ = {isa = PBXFileReference; lastKnownFileType = sourcecode.c.objc; path = "SAMKeychain+GHUtil.m"; sourceTree = "<group>"; };
		9FC2BEA7201738B6006BCFE9 /* TYUtils.h */ = {isa = PBXFileReference; lastKnownFileType = sourcecode.c.h; path = TYUtils.h; sourceTree = "<group>"; };
		9FC2BEA8201738B6006BCFE9 /* TYUtils.m */ = {isa = PBXFileReference; lastKnownFileType = sourcecode.c.objc; path = TYUtils.m; sourceTree = "<group>"; };
		9FD507AA2022E7C3004F2F96 /* TYNavigationController.h */ = {isa = PBXFileReference; lastKnownFileType = sourcecode.c.h; path = TYNavigationController.h; sourceTree = "<group>"; };
		9FD507AB2022E7C3004F2F96 /* TYNavigationController.m */ = {isa = PBXFileReference; lastKnownFileType = sourcecode.c.objc; path = TYNavigationController.m; sourceTree = "<group>"; };
		9FD507AD2022F84B004F2F96 /* YYFPSLabel.h */ = {isa = PBXFileReference; fileEncoding = 4; lastKnownFileType = sourcecode.c.h; path = YYFPSLabel.h; sourceTree = "<group>"; };
		9FD507AE2022F84B004F2F96 /* YYFPSLabel.m */ = {isa = PBXFileReference; fileEncoding = 4; lastKnownFileType = sourcecode.c.objc; path = YYFPSLabel.m; sourceTree = "<group>"; };
		9FDE45C91FFC80B600E1DCE4 /* TYConstant.h */ = {isa = PBXFileReference; lastKnownFileType = sourcecode.c.h; path = TYConstant.h; sourceTree = "<group>"; };
		9FDE45CA1FFC80B600E1DCE4 /* TYConstant.m */ = {isa = PBXFileReference; lastKnownFileType = sourcecode.c.objc; path = TYConstant.m; sourceTree = "<group>"; };
		9FDE45CC1FFC832700E1DCE4 /* TYMacros.h */ = {isa = PBXFileReference; lastKnownFileType = sourcecode.c.h; path = TYMacros.h; sourceTree = "<group>"; };
		9FDE45CE1FFCFC0C00E1DCE4 /* TYNavigationProtocol.h */ = {isa = PBXFileReference; lastKnownFileType = sourcecode.c.h; path = TYNavigationProtocol.h; sourceTree = "<group>"; };
		9FDE45CF1FFCFDCA00E1DCE4 /* TYViewModel.h */ = {isa = PBXFileReference; lastKnownFileType = sourcecode.c.h; path = TYViewModel.h; sourceTree = "<group>"; };
		9FDE45D01FFCFDCA00E1DCE4 /* TYViewModel.m */ = {isa = PBXFileReference; lastKnownFileType = sourcecode.c.objc; path = TYViewModel.m; sourceTree = "<group>"; };
		9FDE45D21FFCFF0A00E1DCE4 /* TYViewModelServicesProtocol.h */ = {isa = PBXFileReference; lastKnownFileType = sourcecode.c.h; path = TYViewModelServicesProtocol.h; sourceTree = "<group>"; };
		9FDE45D31FFD012300E1DCE4 /* PrefixHeader.pch */ = {isa = PBXFileReference; lastKnownFileType = sourcecode.c.h; path = PrefixHeader.pch; sourceTree = "<group>"; };
		9FDE45D41FFD071A00E1DCE4 /* TYViewModelServicesImpl.h */ = {isa = PBXFileReference; lastKnownFileType = sourcecode.c.h; path = TYViewModelServicesImpl.h; sourceTree = "<group>"; };
		9FDE45D51FFD071A00E1DCE4 /* TYViewModelServicesImpl.m */ = {isa = PBXFileReference; lastKnownFileType = sourcecode.c.objc; path = TYViewModelServicesImpl.m; sourceTree = "<group>"; };
		9FDE45D71FFD0A3200E1DCE4 /* TYNavigationControllerStack.h */ = {isa = PBXFileReference; lastKnownFileType = sourcecode.c.h; path = TYNavigationControllerStack.h; sourceTree = "<group>"; };
		9FDE45D81FFD0A3200E1DCE4 /* TYNavigationControllerStack.m */ = {isa = PBXFileReference; lastKnownFileType = sourcecode.c.objc; path = TYNavigationControllerStack.m; sourceTree = "<group>"; };
		9FF844912015B39200FF4DCF /* TYNewFeatureController.h */ = {isa = PBXFileReference; lastKnownFileType = sourcecode.c.h; path = TYNewFeatureController.h; sourceTree = "<group>"; };
		9FF844922015B39200FF4DCF /* TYNewFeatureController.m */ = {isa = PBXFileReference; lastKnownFileType = sourcecode.c.objc; path = TYNewFeatureController.m; sourceTree = "<group>"; };
		9FF844942015B40900FF4DCF /* TYBootLoginController.h */ = {isa = PBXFileReference; lastKnownFileType = sourcecode.c.h; path = TYBootLoginController.h; sourceTree = "<group>"; };
		9FF844952015B40900FF4DCF /* TYBootLoginController.m */ = {isa = PBXFileReference; lastKnownFileType = sourcecode.c.objc; path = TYBootLoginController.m; sourceTree = "<group>"; };
		9FF844972015B42A00FF4DCF /* TYAccountLoginController.h */ = {isa = PBXFileReference; lastKnownFileType = sourcecode.c.h; path = TYAccountLoginController.h; sourceTree = "<group>"; };
		9FF844982015B42A00FF4DCF /* TYAccountLoginController.m */ = {isa = PBXFileReference; lastKnownFileType = sourcecode.c.objc; path = TYAccountLoginController.m; sourceTree = "<group>"; };
		A669BE2CFC8D05F0B762DE1F /* Pods-GitPeep.release.xcconfig */ = {isa = PBXFileReference; includeInIndex = 1; lastKnownFileType = text.xcconfig; name = "Pods-GitPeep.release.xcconfig"; path = "Pods/Target Support Files/Pods-GitPeep/Pods-GitPeep.release.xcconfig"; sourceTree = "<group>"; };
		D46D6C7556264FF3942F81CA /* Pods-GitPeep.debug.xcconfig */ = {isa = PBXFileReference; includeInIndex = 1; lastKnownFileType = text.xcconfig; name = "Pods-GitPeep.debug.xcconfig"; path = "Pods/Target Support Files/Pods-GitPeep/Pods-GitPeep.debug.xcconfig"; sourceTree = "<group>"; };
		D47EE3B24397F793DDA5CBF2 /* libPods-GitPeepTests.a */ = {isa = PBXFileReference; explicitFileType = archive.ar; includeInIndex = 0; path = "libPods-GitPeepTests.a"; sourceTree = BUILT_PRODUCTS_DIR; };
		D66E8876C7B2082FA9B020A1 /* libPods-GitPeepUITests.a */ = {isa = PBXFileReference; explicitFileType = archive.ar; includeInIndex = 0; path = "libPods-GitPeepUITests.a"; sourceTree = BUILT_PRODUCTS_DIR; };
/* End PBXFileReference section */

/* Begin PBXFrameworksBuildPhase section */
		9FBF5D9B1FF510690032418D /* Frameworks */ = {
			isa = PBXFrameworksBuildPhase;
			buildActionMask = 2147483647;
			files = (
				9F5FAFC920284B95008CA739 /* OctoKit.framework in Frameworks */,
				9F5FAFCF20284C51008CA739 /* Mantle.framework in Frameworks */,
				9F5FAFCB20284C3D008CA739 /* AFNetworking.framework in Frameworks */,
				9F5FAFCD20284C48008CA739 /* ISO8601DateFormatter.framework in Frameworks */,
				C51646EBA5BB643A8C78BBEF /* libPods-GitPeep.a in Frameworks */,
			);
			runOnlyForDeploymentPostprocessing = 0;
		};
		9FBF5DB31FF510690032418D /* Frameworks */ = {
			isa = PBXFrameworksBuildPhase;
			buildActionMask = 2147483647;
			files = (
				FEC8E996A93D3216FF86CB82 /* libPods-GitPeepTests.a in Frameworks */,
			);
			runOnlyForDeploymentPostprocessing = 0;
		};
		9FBF5DBE1FF510690032418D /* Frameworks */ = {
			isa = PBXFrameworksBuildPhase;
			buildActionMask = 2147483647;
			files = (
				6D63F05ABD356DFF107CF4E1 /* libPods-GitPeepUITests.a in Frameworks */,
			);
			runOnlyForDeploymentPostprocessing = 0;
		};
/* End PBXFrameworksBuildPhase section */

/* Begin PBXGroup section */
		3FCC39DB9773BEF64EC8039C /* Frameworks */ = {
			isa = PBXGroup;
			children = (
				9F5FAFD020284CC4008CA739 /* ReactiveCocoa.framework */,
				9F5FAFCE20284C51008CA739 /* Mantle.framework */,
				9F5FAFCC20284C48008CA739 /* ISO8601DateFormatter.framework */,
				9F5FAFCA20284C3C008CA739 /* AFNetworking.framework */,
				9F5FAFC820284B95008CA739 /* OctoKit.framework */,
				1954A772F434F09F94CD24AF /* libPods-GitPeep.a */,
				D47EE3B24397F793DDA5CBF2 /* libPods-GitPeepTests.a */,
				D66E8876C7B2082FA9B020A1 /* libPods-GitPeepUITests.a */,
			);
			name = Frameworks;
			sourceTree = "<group>";
		};
		52FB5B21D7CFD84CE4A6962F /* Pods */ = {
			isa = PBXGroup;
			children = (
				D46D6C7556264FF3942F81CA /* Pods-GitPeep.debug.xcconfig */,
				A669BE2CFC8D05F0B762DE1F /* Pods-GitPeep.release.xcconfig */,
				956CEF98E0C9C96FE156CB86 /* Pods-GitPeepTests.debug.xcconfig */,
				1CF1D49280F965098EB470EE /* Pods-GitPeepTests.release.xcconfig */,
				0D34CA5B71BC2795E7568D7D /* Pods-GitPeepUITests.debug.xcconfig */,
				2EC9BCCFC8812056E42CC6EE /* Pods-GitPeepUITests.release.xcconfig */,
			);
			name = Pods;
			sourceTree = "<group>";
		};
		7109E08F1FFE5E3100887DFE /* ViewController */ = {
			isa = PBXGroup;
			children = (
				9FF844902015B32E00FF4DCF /* NewFeature */,
				9FF8448F2015B31D00FF4DCF /* Login */,
				7109E09B1FFE789900887DFE /* Main */,
				7109E0971FFE5EBF00887DFE /* Explore */,
				7109E0961FFE5EB200887DFE /* News */,
				7109E0951FFE5EA800887DFE /* Profile */,
				7109E0941FFE5E7E00887DFE /* Repositories */,
				7109E0901FFE5E4100887DFE /* BaseClass */,
			);
			path = ViewController;
			sourceTree = "<group>";
		};
		7109E0901FFE5E4100887DFE /* BaseClass */ = {
			isa = PBXGroup;
			children = (
				7109E0911FFE5E7100887DFE /* TYViewController.h */,
				7109E0921FFE5E7100887DFE /* TYViewController.m */,
				7109E09C1FFE78EB00887DFE /* TYTabBarController.h */,
				7109E09D1FFE78EB00887DFE /* TYTabBarController.m */,
				9FD507AA2022E7C3004F2F96 /* TYNavigationController.h */,
				9FD507AB2022E7C3004F2F96 /* TYNavigationController.m */,
			);
			path = BaseClass;
			sourceTree = "<group>";
		};
		7109E0941FFE5E7E00887DFE /* Repositories */ = {
			isa = PBXGroup;
			children = (
				9F3B5C9E1FFF42C800A8FACD /* TYReposController.h */,
				9F3B5C9F1FFF42C800A8FACD /* TYReposController.m */,
			);
			path = Repositories;
			sourceTree = "<group>";
		};
		7109E0951FFE5EA800887DFE /* Profile */ = {
			isa = PBXGroup;
			children = (
				9F3B5C9B1FFF42BF00A8FACD /* TYProfileController.h */,
				9F3B5C9C1FFF42BF00A8FACD /* TYProfileController.m */,
			);
			path = Profile;
			sourceTree = "<group>";
		};
		7109E0961FFE5EB200887DFE /* News */ = {
			isa = PBXGroup;
			children = (
				9F3B5C991FFF42B500A8FACD /* TYNewsController.h */,
				9F3B5C981FFF42B500A8FACD /* TYNewsController.m */,
			);
			path = News;
			sourceTree = "<group>";
		};
		7109E0971FFE5EBF00887DFE /* Explore */ = {
			isa = PBXGroup;
			children = (
				9F3B5C951FFF42AB00A8FACD /* TYExploreController.h */,
				9F3B5C961FFF42AB00A8FACD /* TYExploreController.m */,
			);
			path = Explore;
			sourceTree = "<group>";
		};
		7109E09B1FFE789900887DFE /* Main */ = {
			isa = PBXGroup;
			children = (
				7109E09F1FFE7D9300887DFE /* TYMainController.h */,
				7109E0A01FFE7D9300887DFE /* TYMainController.m */,
			);
			path = Main;
			sourceTree = "<group>";
		};
		7109E0AE1FFE813400887DFE /* Main */ = {
			isa = PBXGroup;
			children = (
				7109E0AF1FFE81CB00887DFE /* TYMainViewModel.h */,
				7109E0B01FFE81CB00887DFE /* TYMainViewModel.m */,
			);
			path = Main;
			sourceTree = "<group>";
		};
		717924EC200CE1DD0097925E /* NewFeature */ = {
			isa = PBXGroup;
			children = (
				717924ED200CE20F0097925E /* TYNewFeatureViewModel.h */,
				717924EE200CE20F0097925E /* TYNewFeatureViewModel.m */,
			);
			path = NewFeature;
			sourceTree = "<group>";
		};
		717924F0200CE24B0097925E /* Login */ = {
			isa = PBXGroup;
			children = (
				717924F5200CE2B50097925E /* TYBootLoginViewModel.h */,
				717924F6200CE2B50097925E /* TYBootLoginViewModel.m */,
				717924F8200CE2D90097925E /* TYAccountLoginViewModel.h */,
				717924F9200CE2D90097925E /* TYAccountLoginViewModel.m */,
			);
			path = Login;
			sourceTree = "<group>";
		};
		717924F1200CE2590097925E /* News */ = {
			isa = PBXGroup;
			children = (
				717924F2200CE2790097925E /* TYNewsViewModel.h */,
				717924F3200CE2790097925E /* TYNewsViewModel.m */,
			);
			path = News;
			sourceTree = "<group>";
		};
		9F0DC02A2021B37400A64050 /* Explore */ = {
			isa = PBXGroup;
			children = (
				9F0DC0342021B3FD00A64050 /* TYExploreViewModel.h */,
				9F0DC0352021B3FD00A64050 /* TYExploreViewModel.m */,
			);
			path = Explore;
			sourceTree = "<group>";
		};
		9F0DC02B2021B38600A64050 /* Profile */ = {
			isa = PBXGroup;
			children = (
				9F0DC0312021B3E600A64050 /* TYProfileViewModel.h */,
				9F0DC0322021B3E600A64050 /* TYProfileViewModel.m */,
			);
			path = Profile;
			sourceTree = "<group>";
		};
		9F0DC02C2021B39100A64050 /* Repositories */ = {
			isa = PBXGroup;
			children = (
				9F0DC02E2021B3D200A64050 /* TYReposViewModel.h */,
				9F0DC02F2021B3D200A64050 /* TYReposViewModel.m */,
			);
			path = Repositories;
			sourceTree = "<group>";
		};
		9FBF5D951FF510690032418D = {
			isa = PBXGroup;
			children = (
				9FBF5DA01FF510690032418D /* GitPeep */,
				9FBF5DB91FF510690032418D /* GitPeepTests */,
				9FBF5DC41FF510690032418D /* GitPeepUITests */,
				9FBF5D9F1FF510690032418D /* Products */,
				52FB5B21D7CFD84CE4A6962F /* Pods */,
				3FCC39DB9773BEF64EC8039C /* Frameworks */,
			);
			sourceTree = "<group>";
		};
		9FBF5D9F1FF510690032418D /* Products */ = {
			isa = PBXGroup;
			children = (
				9FBF5D9E1FF510690032418D /* GitPeep.app */,
				9FBF5DB61FF510690032418D /* GitPeepTests.xctest */,
				9FBF5DC11FF510690032418D /* GitPeepUITests.xctest */,
			);
			name = Products;
			sourceTree = "<group>";
		};
		9FBF5DA01FF510690032418D /* GitPeep */ = {
			isa = PBXGroup;
			children = (
				7109E08F1FFE5E3100887DFE /* ViewController */,
				9FBF5DDA1FF511BA0032418D /* Macros */,
				9FBF5DD91FF511A50032418D /* Vendor */,
				9FBF5DD81FF5117A0032418D /* Utils */,
				9FBF5DD51FF5112B0032418D /* Model */,
				9FBF5DD41FF511220032418D /* ViewModel */,
				9FBF5DD31FF510DB0032418D /* View */,
				9FBF5DA11FF510690032418D /* AppDelegate.h */,
				9FBF5DA21FF510690032418D /* AppDelegate.m */,
				9FBF5DAA1FF510690032418D /* Assets.xcassets */,
				9FBF5DAC1FF510690032418D /* LaunchScreen.storyboard */,
				9FBF5DAF1FF510690032418D /* Info.plist */,
				9FBF5DB01FF510690032418D /* main.m */,
				9FDE45D31FFD012300E1DCE4 /* PrefixHeader.pch */,
				7109E0981FFE62ED00887DFE /* TYRouter.h */,
				7109E0991FFE62ED00887DFE /* TYRouter.m */,
				9FBF5DDB1FF512820032418D /* Resource */,
			);
			path = GitPeep;
			sourceTree = "<group>";
		};
		9FBF5DB91FF510690032418D /* GitPeepTests */ = {
			isa = PBXGroup;
			children = (
				9FBF5DBA1FF510690032418D /* GitPeepTests.m */,
				9FBF5DBC1FF510690032418D /* Info.plist */,
			);
			path = GitPeepTests;
			sourceTree = "<group>";
		};
		9FBF5DC41FF510690032418D /* GitPeepUITests */ = {
			isa = PBXGroup;
			children = (
				9FBF5DC51FF510690032418D /* GitPeepUITests.m */,
				9FBF5DC71FF510690032418D /* Info.plist */,
			);
			path = GitPeepUITests;
			sourceTree = "<group>";
		};
		9FBF5DD31FF510DB0032418D /* View */ = {
			isa = PBXGroup;
			children = (
				9FBF5DEC1FF514C50032418D /* BaseClass */,
				9FBF5DEB1FF514BE0032418D /* Home */,
				9FBF5DEA1FF514AA0032418D /* Repositories */,
				9FBF5DE91FF514A10032418D /* Explore */,
				9FBF5DE81FF514820032418D /* Profile */,
			);
			path = View;
			sourceTree = "<group>";
		};
		9FBF5DD41FF511220032418D /* ViewModel */ = {
			isa = PBXGroup;
			children = (
				9F0DC02C2021B39100A64050 /* Repositories */,
				9F0DC02B2021B38600A64050 /* Profile */,
				9F0DC02A2021B37400A64050 /* Explore */,
				717924F1200CE2590097925E /* News */,
				717924F0200CE24B0097925E /* Login */,
				717924EC200CE1DD0097925E /* NewFeature */,
				7109E0AE1FFE813400887DFE /* Main */,
				9FDE45CD1FFCFBED00E1DCE4 /* BaseClass */,
			);
			path = ViewModel;
			sourceTree = "<group>";
		};
		9FBF5DD51FF5112B0032418D /* Model */ = {
			isa = PBXGroup;
			children = (
			);
			path = Model;
			sourceTree = "<group>";
		};
		9FBF5DD81FF5117A0032418D /* Utils */ = {
			isa = PBXGroup;
			children = (
				9F5FAF9B2027FAED008CA739 /* UIView+frame.h */,
				9F5FAF9C2027FAED008CA739 /* UIView+frame.m */,
				9FD507AD2022F84B004F2F96 /* YYFPSLabel.h */,
				9FD507AE2022F84B004F2F96 /* YYFPSLabel.m */,
				9FC2BEA420173024006BCFE9 /* SAMKeychain+GHUtil.h */,
				9FC2BEA520173024006BCFE9 /* SAMKeychain+GHUtil.m */,
				9FC2BEA7201738B6006BCFE9 /* TYUtils.h */,
				9FC2BEA8201738B6006BCFE9 /* TYUtils.m */,
				9F5FAF9E2027FCB6008CA739 /* UIImage+TYOcticons.h */,
				9F5FAF9F2027FCB6008CA739 /* UIImage+TYOcticons.m */,
				9F5FAFA12028000B008CA739 /* UIView+line.h */,
				9F5FAFA22028000B008CA739 /* UIView+line.m */,
			);
			path = Utils;
			sourceTree = "<group>";
		};
		9FBF5DD91FF511A50032418D /* Vendor */ = {
			isa = PBXGroup;
			children = (
			);
			path = Vendor;
			sourceTree = "<group>";
		};
		9FBF5DDA1FF511BA0032418D /* Macros */ = {
			isa = PBXGroup;
			children = (
				9FDE45C91FFC80B600E1DCE4 /* TYConstant.h */,
				9FDE45CA1FFC80B600E1DCE4 /* TYConstant.m */,
				9FDE45CC1FFC832700E1DCE4 /* TYMacros.h */,
			);
			path = Macros;
			sourceTree = "<group>";
		};
		9FBF5DDB1FF512820032418D /* Resource */ = {
			isa = PBXGroup;
			children = (
			);
			path = Resource;
			sourceTree = "<group>";
		};
		9FBF5DE81FF514820032418D /* Profile */ = {
			isa = PBXGroup;
			children = (
			);
			path = Profile;
			sourceTree = "<group>";
		};
		9FBF5DE91FF514A10032418D /* Explore */ = {
			isa = PBXGroup;
			children = (
			);
			path = Explore;
			sourceTree = "<group>";
		};
		9FBF5DEA1FF514AA0032418D /* Repositories */ = {
			isa = PBXGroup;
			children = (
			);
			path = Repositories;
			sourceTree = "<group>";
		};
		9FBF5DEB1FF514BE0032418D /* Home */ = {
			isa = PBXGroup;
			children = (
			);
			path = Home;
			sourceTree = "<group>";
		};
		9FBF5DEC1FF514C50032418D /* BaseClass */ = {
			isa = PBXGroup;
			children = (
				9FDE45D71FFD0A3200E1DCE4 /* TYNavigationControllerStack.h */,
				9FDE45D81FFD0A3200E1DCE4 /* TYNavigationControllerStack.m */,
			);
			path = BaseClass;
			sourceTree = "<group>";
		};
		9FDE45CD1FFCFBED00E1DCE4 /* BaseClass */ = {
			isa = PBXGroup;
			children = (
				9FDE45CE1FFCFC0C00E1DCE4 /* TYNavigationProtocol.h */,
				9FDE45D21FFCFF0A00E1DCE4 /* TYViewModelServicesProtocol.h */,
				9FDE45CF1FFCFDCA00E1DCE4 /* TYViewModel.h */,
				9FDE45D01FFCFDCA00E1DCE4 /* TYViewModel.m */,
				9FDE45D41FFD071A00E1DCE4 /* TYViewModelServicesImpl.h */,
				9FDE45D51FFD071A00E1DCE4 /* TYViewModelServicesImpl.m */,
			);
			path = BaseClass;
			sourceTree = "<group>";
		};
		9FF8448F2015B31D00FF4DCF /* Login */ = {
			isa = PBXGroup;
			children = (
				9FF844942015B40900FF4DCF /* TYBootLoginController.h */,
				9FF844952015B40900FF4DCF /* TYBootLoginController.m */,
				9FF844972015B42A00FF4DCF /* TYAccountLoginController.h */,
				9FF844982015B42A00FF4DCF /* TYAccountLoginController.m */,
			);
			path = Login;
			sourceTree = "<group>";
		};
		9FF844902015B32E00FF4DCF /* NewFeature */ = {
			isa = PBXGroup;
			children = (
				9FF844912015B39200FF4DCF /* TYNewFeatureController.h */,
				9FF844922015B39200FF4DCF /* TYNewFeatureController.m */,
			);
			path = NewFeature;
			sourceTree = "<group>";
		};
/* End PBXGroup section */

/* Begin PBXNativeTarget section */
		9FBF5D9D1FF510690032418D /* GitPeep */ = {
			isa = PBXNativeTarget;
			buildConfigurationList = 9FBF5DCA1FF510690032418D /* Build configuration list for PBXNativeTarget "GitPeep" */;
			buildPhases = (
				E31A0D3DBCA5736FB2C8C206 /* [CP] Check Pods Manifest.lock */,
				9FBF5D9A1FF510690032418D /* Sources */,
				9FBF5D9B1FF510690032418D /* Frameworks */,
				9FBF5D9C1FF510690032418D /* Resources */,
				B735495AA5B24646D47A11EF /* [CP] Embed Pods Frameworks */,
				7F4A162A5CC5BAD7B7A65EC1 /* [CP] Copy Pods Resources */,
			);
			buildRules = (
			);
			dependencies = (
			);
			name = GitPeep;
			productName = GitPeep;
			productReference = 9FBF5D9E1FF510690032418D /* GitPeep.app */;
			productType = "com.apple.product-type.application";
		};
		9FBF5DB51FF510690032418D /* GitPeepTests */ = {
			isa = PBXNativeTarget;
			buildConfigurationList = 9FBF5DCD1FF510690032418D /* Build configuration list for PBXNativeTarget "GitPeepTests" */;
			buildPhases = (
				8A1C340BDE29771E1032C733 /* [CP] Check Pods Manifest.lock */,
				9FBF5DB21FF510690032418D /* Sources */,
				9FBF5DB31FF510690032418D /* Frameworks */,
				9FBF5DB41FF510690032418D /* Resources */,
				3E08651613574AAE9A7CC722 /* [CP] Embed Pods Frameworks */,
				36F70FBAB369C46EB6D2F8D8 /* [CP] Copy Pods Resources */,
			);
			buildRules = (
			);
			dependencies = (
				9FBF5DB81FF510690032418D /* PBXTargetDependency */,
			);
			name = GitPeepTests;
			productName = GitPeepTests;
			productReference = 9FBF5DB61FF510690032418D /* GitPeepTests.xctest */;
			productType = "com.apple.product-type.bundle.unit-test";
		};
		9FBF5DC01FF510690032418D /* GitPeepUITests */ = {
			isa = PBXNativeTarget;
			buildConfigurationList = 9FBF5DD01FF510690032418D /* Build configuration list for PBXNativeTarget "GitPeepUITests" */;
			buildPhases = (
				4CFAD25C5D8A77A98A60D7E5 /* [CP] Check Pods Manifest.lock */,
				9FBF5DBD1FF510690032418D /* Sources */,
				9FBF5DBE1FF510690032418D /* Frameworks */,
				9FBF5DBF1FF510690032418D /* Resources */,
				351ACBEDCC09B9DBE8D5AABB /* [CP] Embed Pods Frameworks */,
				CED11CD80D246622C0604767 /* [CP] Copy Pods Resources */,
			);
			buildRules = (
			);
			dependencies = (
				9FBF5DC31FF510690032418D /* PBXTargetDependency */,
			);
			name = GitPeepUITests;
			productName = GitPeepUITests;
			productReference = 9FBF5DC11FF510690032418D /* GitPeepUITests.xctest */;
			productType = "com.apple.product-type.bundle.ui-testing";
		};
/* End PBXNativeTarget section */

/* Begin PBXProject section */
		9FBF5D961FF510690032418D /* Project object */ = {
			isa = PBXProject;
			attributes = {
				CLASSPREFIX = TY;
				LastUpgradeCheck = 0920;
				ORGANIZATIONNAME = tianyao;
				TargetAttributes = {
					9FBF5D9D1FF510690032418D = {
						CreatedOnToolsVersion = 9.2;
						ProvisioningStyle = Automatic;
					};
					9FBF5DB51FF510690032418D = {
						CreatedOnToolsVersion = 9.2;
						ProvisioningStyle = Automatic;
						TestTargetID = 9FBF5D9D1FF510690032418D;
					};
					9FBF5DC01FF510690032418D = {
						CreatedOnToolsVersion = 9.2;
						ProvisioningStyle = Automatic;
						TestTargetID = 9FBF5D9D1FF510690032418D;
					};
				};
			};
			buildConfigurationList = 9FBF5D991FF510690032418D /* Build configuration list for PBXProject "GitPeep" */;
			compatibilityVersion = "Xcode 8.0";
			developmentRegion = en;
			hasScannedForEncodings = 0;
			knownRegions = (
				en,
				Base,
			);
			mainGroup = 9FBF5D951FF510690032418D;
			productRefGroup = 9FBF5D9F1FF510690032418D /* Products */;
			projectDirPath = "";
			projectRoot = "";
			targets = (
				9FBF5D9D1FF510690032418D /* GitPeep */,
				9FBF5DB51FF510690032418D /* GitPeepTests */,
				9FBF5DC01FF510690032418D /* GitPeepUITests */,
			);
		};
/* End PBXProject section */

/* Begin PBXResourcesBuildPhase section */
		9FBF5D9C1FF510690032418D /* Resources */ = {
			isa = PBXResourcesBuildPhase;
			buildActionMask = 2147483647;
			files = (
				9FBF5DAE1FF510690032418D /* LaunchScreen.storyboard in Resources */,
				9FBF5DAB1FF510690032418D /* Assets.xcassets in Resources */,
			);
			runOnlyForDeploymentPostprocessing = 0;
		};
		9FBF5DB41FF510690032418D /* Resources */ = {
			isa = PBXResourcesBuildPhase;
			buildActionMask = 2147483647;
			files = (
			);
			runOnlyForDeploymentPostprocessing = 0;
		};
		9FBF5DBF1FF510690032418D /* Resources */ = {
			isa = PBXResourcesBuildPhase;
			buildActionMask = 2147483647;
			files = (
			);
			runOnlyForDeploymentPostprocessing = 0;
		};
/* End PBXResourcesBuildPhase section */

/* Begin PBXShellScriptBuildPhase section */
		351ACBEDCC09B9DBE8D5AABB /* [CP] Embed Pods Frameworks */ = {
			isa = PBXShellScriptBuildPhase;
			buildActionMask = 2147483647;
			files = (
			);
			inputPaths = (
			);
			name = "[CP] Embed Pods Frameworks";
			outputPaths = (
			);
			runOnlyForDeploymentPostprocessing = 0;
			shellPath = /bin/sh;
			shellScript = "\"${SRCROOT}/Pods/Target Support Files/Pods-GitPeepUITests/Pods-GitPeepUITests-frameworks.sh\"\n";
			showEnvVarsInLog = 0;
		};
		36F70FBAB369C46EB6D2F8D8 /* [CP] Copy Pods Resources */ = {
			isa = PBXShellScriptBuildPhase;
			buildActionMask = 2147483647;
			files = (
			);
			inputPaths = (
			);
			name = "[CP] Copy Pods Resources";
			outputPaths = (
			);
			runOnlyForDeploymentPostprocessing = 0;
			shellPath = /bin/sh;
			shellScript = "\"${SRCROOT}/Pods/Target Support Files/Pods-GitPeepTests/Pods-GitPeepTests-resources.sh\"\n";
			showEnvVarsInLog = 0;
		};
		3E08651613574AAE9A7CC722 /* [CP] Embed Pods Frameworks */ = {
			isa = PBXShellScriptBuildPhase;
			buildActionMask = 2147483647;
			files = (
			);
			inputPaths = (
			);
			name = "[CP] Embed Pods Frameworks";
			outputPaths = (
			);
			runOnlyForDeploymentPostprocessing = 0;
			shellPath = /bin/sh;
			shellScript = "\"${SRCROOT}/Pods/Target Support Files/Pods-GitPeepTests/Pods-GitPeepTests-frameworks.sh\"\n";
			showEnvVarsInLog = 0;
		};
		4CFAD25C5D8A77A98A60D7E5 /* [CP] Check Pods Manifest.lock */ = {
			isa = PBXShellScriptBuildPhase;
			buildActionMask = 2147483647;
			files = (
			);
			inputPaths = (
				"${PODS_PODFILE_DIR_PATH}/Podfile.lock",
				"${PODS_ROOT}/Manifest.lock",
			);
			name = "[CP] Check Pods Manifest.lock";
			outputPaths = (
				"$(DERIVED_FILE_DIR)/Pods-GitPeepUITests-checkManifestLockResult.txt",
			);
			runOnlyForDeploymentPostprocessing = 0;
			shellPath = /bin/sh;
			shellScript = "diff \"${PODS_PODFILE_DIR_PATH}/Podfile.lock\" \"${PODS_ROOT}/Manifest.lock\" > /dev/null\nif [ $? != 0 ] ; then\n    # print error to STDERR\n    echo \"error: The sandbox is not in sync with the Podfile.lock. Run 'pod install' or update your CocoaPods installation.\" >&2\n    exit 1\nfi\n# This output is used by Xcode 'outputs' to avoid re-running this script phase.\necho \"SUCCESS\" > \"${SCRIPT_OUTPUT_FILE_0}\"\n";
			showEnvVarsInLog = 0;
		};
		7F4A162A5CC5BAD7B7A65EC1 /* [CP] Copy Pods Resources */ = {
			isa = PBXShellScriptBuildPhase;
			buildActionMask = 2147483647;
			files = (
			);
			inputPaths = (
				"${SRCROOT}/Pods/Target Support Files/Pods-GitPeep/Pods-GitPeep-resources.sh",
				"${PODS_ROOT}/IQKeyboardManager/IQKeyboardManager/Resources/IQKeyboardManager.bundle",
				"${PODS_ROOT}/OcticonsIOS/OcticonsIOS/octicons.ttf",
				"${PODS_ROOT}/SAMKeychain/Support/SAMKeychain.bundle",
			);
			name = "[CP] Copy Pods Resources";
			outputPaths = (
				"${TARGET_BUILD_DIR}/${UNLOCALIZED_RESOURCES_FOLDER_PATH}",
			);
			runOnlyForDeploymentPostprocessing = 0;
			shellPath = /bin/sh;
			shellScript = "\"${SRCROOT}/Pods/Target Support Files/Pods-GitPeep/Pods-GitPeep-resources.sh\"\n";
			showEnvVarsInLog = 0;
		};
		8A1C340BDE29771E1032C733 /* [CP] Check Pods Manifest.lock */ = {
			isa = PBXShellScriptBuildPhase;
			buildActionMask = 2147483647;
			files = (
			);
			inputPaths = (
				"${PODS_PODFILE_DIR_PATH}/Podfile.lock",
				"${PODS_ROOT}/Manifest.lock",
			);
			name = "[CP] Check Pods Manifest.lock";
			outputPaths = (
				"$(DERIVED_FILE_DIR)/Pods-GitPeepTests-checkManifestLockResult.txt",
			);
			runOnlyForDeploymentPostprocessing = 0;
			shellPath = /bin/sh;
			shellScript = "diff \"${PODS_PODFILE_DIR_PATH}/Podfile.lock\" \"${PODS_ROOT}/Manifest.lock\" > /dev/null\nif [ $? != 0 ] ; then\n    # print error to STDERR\n    echo \"error: The sandbox is not in sync with the Podfile.lock. Run 'pod install' or update your CocoaPods installation.\" >&2\n    exit 1\nfi\n# This output is used by Xcode 'outputs' to avoid re-running this script phase.\necho \"SUCCESS\" > \"${SCRIPT_OUTPUT_FILE_0}\"\n";
			showEnvVarsInLog = 0;
		};
		B735495AA5B24646D47A11EF /* [CP] Embed Pods Frameworks */ = {
			isa = PBXShellScriptBuildPhase;
			buildActionMask = 2147483647;
			files = (
			);
			inputPaths = (
				"${SRCROOT}/Pods/Target Support Files/Pods-GitPeep/Pods-GitPeep-frameworks.sh",
				"${BUILT_PRODUCTS_DIR}/IQKeyboardManager/IQKeyboardManager.framework",
				"${BUILT_PRODUCTS_DIR}/OcticonsIOS/OcticonsIOS.framework",
				"${BUILT_PRODUCTS_DIR}/ReactiveCocoa/ReactiveCocoa.framework",
				"${BUILT_PRODUCTS_DIR}/ReactiveSwift/ReactiveSwift.framework",
				"${BUILT_PRODUCTS_DIR}/Result/Result.framework",
				"${BUILT_PRODUCTS_DIR}/SAMKeychain/SAMKeychain.framework",
				"${BUILT_PRODUCTS_DIR}/YYKit/YYKit.framework",
			);
			name = "[CP] Embed Pods Frameworks";
			outputPaths = (
				"${TARGET_BUILD_DIR}/${FRAMEWORKS_FOLDER_PATH}/IQKeyboardManager.framework",
				"${TARGET_BUILD_DIR}/${FRAMEWORKS_FOLDER_PATH}/OcticonsIOS.framework",
				"${TARGET_BUILD_DIR}/${FRAMEWORKS_FOLDER_PATH}/ReactiveCocoa.framework",
				"${TARGET_BUILD_DIR}/${FRAMEWORKS_FOLDER_PATH}/ReactiveSwift.framework",
				"${TARGET_BUILD_DIR}/${FRAMEWORKS_FOLDER_PATH}/Result.framework",
				"${TARGET_BUILD_DIR}/${FRAMEWORKS_FOLDER_PATH}/SAMKeychain.framework",
				"${TARGET_BUILD_DIR}/${FRAMEWORKS_FOLDER_PATH}/YYKit.framework",
			);
			runOnlyForDeploymentPostprocessing = 0;
			shellPath = /bin/sh;
			shellScript = "\"${SRCROOT}/Pods/Target Support Files/Pods-GitPeep/Pods-GitPeep-frameworks.sh\"\n";
			showEnvVarsInLog = 0;
		};
		CED11CD80D246622C0604767 /* [CP] Copy Pods Resources */ = {
			isa = PBXShellScriptBuildPhase;
			buildActionMask = 2147483647;
			files = (
			);
			inputPaths = (
			);
			name = "[CP] Copy Pods Resources";
			outputPaths = (
			);
			runOnlyForDeploymentPostprocessing = 0;
			shellPath = /bin/sh;
			shellScript = "\"${SRCROOT}/Pods/Target Support Files/Pods-GitPeepUITests/Pods-GitPeepUITests-resources.sh\"\n";
			showEnvVarsInLog = 0;
		};
		E31A0D3DBCA5736FB2C8C206 /* [CP] Check Pods Manifest.lock */ = {
			isa = PBXShellScriptBuildPhase;
			buildActionMask = 2147483647;
			files = (
			);
			inputPaths = (
				"${PODS_PODFILE_DIR_PATH}/Podfile.lock",
				"${PODS_ROOT}/Manifest.lock",
			);
			name = "[CP] Check Pods Manifest.lock";
			outputPaths = (
				"$(DERIVED_FILE_DIR)/Pods-GitPeep-checkManifestLockResult.txt",
			);
			runOnlyForDeploymentPostprocessing = 0;
			shellPath = /bin/sh;
			shellScript = "diff \"${PODS_PODFILE_DIR_PATH}/Podfile.lock\" \"${PODS_ROOT}/Manifest.lock\" > /dev/null\nif [ $? != 0 ] ; then\n    # print error to STDERR\n    echo \"error: The sandbox is not in sync with the Podfile.lock. Run 'pod install' or update your CocoaPods installation.\" >&2\n    exit 1\nfi\n# This output is used by Xcode 'outputs' to avoid re-running this script phase.\necho \"SUCCESS\" > \"${SCRIPT_OUTPUT_FILE_0}\"\n";
			showEnvVarsInLog = 0;
		};
/* End PBXShellScriptBuildPhase section */

/* Begin PBXSourcesBuildPhase section */
		9FBF5D9A1FF510690032418D /* Sources */ = {
			isa = PBXSourcesBuildPhase;
			buildActionMask = 2147483647;
			files = (
				9FD507AC2022E7C3004F2F96 /* TYNavigationController.m in Sources */,
				9F3B5CA01FFF42C900A8FACD /* TYReposController.m in Sources */,
				717924EF200CE20F0097925E /* TYNewFeatureViewModel.m in Sources */,
				9FBF5DB11FF510690032418D /* main.m in Sources */,
				7109E0931FFE5E7100887DFE /* TYViewController.m in Sources */,
				9F3B5C9A1FFF42B500A8FACD /* TYNewsController.m in Sources */,
				9FDE45D11FFCFDCA00E1DCE4 /* TYViewModel.m in Sources */,
				9FF844932015B39200FF4DCF /* TYNewFeatureController.m in Sources */,
				7109E09E1FFE78EB00887DFE /* TYTabBarController.m in Sources */,
				9F3B5C971FFF42AB00A8FACD /* TYExploreController.m in Sources */,
				717924F4200CE2790097925E /* TYNewsViewModel.m in Sources */,
				7109E0B11FFE81CB00887DFE /* TYMainViewModel.m in Sources */,
				9F0DC0332021B3E600A64050 /* TYProfileViewModel.m in Sources */,
				7109E09A1FFE62ED00887DFE /* TYRouter.m in Sources */,
				9FC2BEA620173024006BCFE9 /* SAMKeychain+GHUtil.m in Sources */,
				9FD507AF2022F84B004F2F96 /* YYFPSLabel.m in Sources */,
				9F0DC0362021B3FD00A64050 /* TYExploreViewModel.m in Sources */,
				9F3B5C9D1FFF42BF00A8FACD /* TYProfileController.m in Sources */,
				9F5FAF9D2027FAED008CA739 /* UIView+frame.m in Sources */,
				9FDE45CB1FFC80B600E1DCE4 /* TYConstant.m in Sources */,
				9F5FAFA32028000B008CA739 /* UIView+line.m in Sources */,
				717924FA200CE2D90097925E /* TYAccountLoginViewModel.m in Sources */,
				9FDE45D61FFD071A00E1DCE4 /* TYViewModelServicesImpl.m in Sources */,
				9FF844992015B42A00FF4DCF /* TYAccountLoginController.m in Sources */,
				9F0DC0302021B3D200A64050 /* TYReposViewModel.m in Sources */,
				7109E0A11FFE7D9300887DFE /* TYMainController.m in Sources */,
				9FBF5DA31FF510690032418D /* AppDelegate.m in Sources */,
				9FDE45D91FFD0A3200E1DCE4 /* TYNavigationControllerStack.m in Sources */,
				9FF844962015B40900FF4DCF /* TYBootLoginController.m in Sources */,
				9FC2BEA9201738B6006BCFE9 /* TYUtils.m in Sources */,
				717924F7200CE2B50097925E /* TYBootLoginViewModel.m in Sources */,
				9F5FAFA02027FCB6008CA739 /* UIImage+TYOcticons.m in Sources */,
			);
			runOnlyForDeploymentPostprocessing = 0;
		};
		9FBF5DB21FF510690032418D /* Sources */ = {
			isa = PBXSourcesBuildPhase;
			buildActionMask = 2147483647;
			files = (
				9FBF5DBB1FF510690032418D /* GitPeepTests.m in Sources */,
			);
			runOnlyForDeploymentPostprocessing = 0;
		};
		9FBF5DBD1FF510690032418D /* Sources */ = {
			isa = PBXSourcesBuildPhase;
			buildActionMask = 2147483647;
			files = (
				9FBF5DC61FF510690032418D /* GitPeepUITests.m in Sources */,
			);
			runOnlyForDeploymentPostprocessing = 0;
		};
/* End PBXSourcesBuildPhase section */

/* Begin PBXTargetDependency section */
		9FBF5DB81FF510690032418D /* PBXTargetDependency */ = {
			isa = PBXTargetDependency;
			target = 9FBF5D9D1FF510690032418D /* GitPeep */;
			targetProxy = 9FBF5DB71FF510690032418D /* PBXContainerItemProxy */;
		};
		9FBF5DC31FF510690032418D /* PBXTargetDependency */ = {
			isa = PBXTargetDependency;
			target = 9FBF5D9D1FF510690032418D /* GitPeep */;
			targetProxy = 9FBF5DC21FF510690032418D /* PBXContainerItemProxy */;
		};
/* End PBXTargetDependency section */

/* Begin PBXVariantGroup section */
		9FBF5DAC1FF510690032418D /* LaunchScreen.storyboard */ = {
			isa = PBXVariantGroup;
			children = (
				9FBF5DAD1FF510690032418D /* Base */,
			);
			name = LaunchScreen.storyboard;
			sourceTree = "<group>";
		};
/* End PBXVariantGroup section */

/* Begin XCBuildConfiguration section */
		9FBF5DC81FF510690032418D /* Debug */ = {
			isa = XCBuildConfiguration;
			buildSettings = {
				ALWAYS_SEARCH_USER_PATHS = NO;
				CLANG_ANALYZER_NONNULL = YES;
				CLANG_ANALYZER_NUMBER_OBJECT_CONVERSION = YES_AGGRESSIVE;
				CLANG_CXX_LANGUAGE_STANDARD = "gnu++14";
				CLANG_CXX_LIBRARY = "libc++";
				CLANG_ENABLE_MODULES = YES;
				CLANG_ENABLE_OBJC_ARC = YES;
				CLANG_WARN_BLOCK_CAPTURE_AUTORELEASING = YES;
				CLANG_WARN_BOOL_CONVERSION = YES;
				CLANG_WARN_COMMA = YES;
				CLANG_WARN_CONSTANT_CONVERSION = YES;
				CLANG_WARN_DIRECT_OBJC_ISA_USAGE = YES_ERROR;
				CLANG_WARN_DOCUMENTATION_COMMENTS = YES;
				CLANG_WARN_EMPTY_BODY = YES;
				CLANG_WARN_ENUM_CONVERSION = YES;
				CLANG_WARN_INFINITE_RECURSION = YES;
				CLANG_WARN_INT_CONVERSION = YES;
				CLANG_WARN_NON_LITERAL_NULL_CONVERSION = YES;
				CLANG_WARN_OBJC_LITERAL_CONVERSION = YES;
				CLANG_WARN_OBJC_ROOT_CLASS = YES_ERROR;
				CLANG_WARN_RANGE_LOOP_ANALYSIS = YES;
				CLANG_WARN_STRICT_PROTOTYPES = YES;
				CLANG_WARN_SUSPICIOUS_MOVE = YES;
				CLANG_WARN_UNGUARDED_AVAILABILITY = YES_AGGRESSIVE;
				CLANG_WARN_UNREACHABLE_CODE = YES;
				CLANG_WARN__DUPLICATE_METHOD_MATCH = YES;
				CODE_SIGN_IDENTITY = "iPhone Developer";
				COPY_PHASE_STRIP = NO;
				DEBUG_INFORMATION_FORMAT = dwarf;
				ENABLE_STRICT_OBJC_MSGSEND = YES;
				ENABLE_TESTABILITY = YES;
				GCC_C_LANGUAGE_STANDARD = gnu11;
				GCC_DYNAMIC_NO_PIC = NO;
				GCC_NO_COMMON_BLOCKS = YES;
				GCC_OPTIMIZATION_LEVEL = 0;
				GCC_PREPROCESSOR_DEFINITIONS = (
					"DEBUG=1",
					"$(inherited)",
				);
				GCC_WARN_64_TO_32_BIT_CONVERSION = YES;
				GCC_WARN_ABOUT_RETURN_TYPE = YES_ERROR;
				GCC_WARN_UNDECLARED_SELECTOR = YES;
				GCC_WARN_UNINITIALIZED_AUTOS = YES_AGGRESSIVE;
				GCC_WARN_UNUSED_FUNCTION = YES;
				GCC_WARN_UNUSED_VARIABLE = YES;
				IPHONEOS_DEPLOYMENT_TARGET = 8.0;
				MTL_ENABLE_DEBUG_INFO = YES;
				ONLY_ACTIVE_ARCH = YES;
				SDKROOT = iphoneos;
			};
			name = Debug;
		};
		9FBF5DC91FF510690032418D /* Release */ = {
			isa = XCBuildConfiguration;
			buildSettings = {
				ALWAYS_SEARCH_USER_PATHS = NO;
				CLANG_ANALYZER_NONNULL = YES;
				CLANG_ANALYZER_NUMBER_OBJECT_CONVERSION = YES_AGGRESSIVE;
				CLANG_CXX_LANGUAGE_STANDARD = "gnu++14";
				CLANG_CXX_LIBRARY = "libc++";
				CLANG_ENABLE_MODULES = YES;
				CLANG_ENABLE_OBJC_ARC = YES;
				CLANG_WARN_BLOCK_CAPTURE_AUTORELEASING = YES;
				CLANG_WARN_BOOL_CONVERSION = YES;
				CLANG_WARN_COMMA = YES;
				CLANG_WARN_CONSTANT_CONVERSION = YES;
				CLANG_WARN_DIRECT_OBJC_ISA_USAGE = YES_ERROR;
				CLANG_WARN_DOCUMENTATION_COMMENTS = YES;
				CLANG_WARN_EMPTY_BODY = YES;
				CLANG_WARN_ENUM_CONVERSION = YES;
				CLANG_WARN_INFINITE_RECURSION = YES;
				CLANG_WARN_INT_CONVERSION = YES;
				CLANG_WARN_NON_LITERAL_NULL_CONVERSION = YES;
				CLANG_WARN_OBJC_LITERAL_CONVERSION = YES;
				CLANG_WARN_OBJC_ROOT_CLASS = YES_ERROR;
				CLANG_WARN_RANGE_LOOP_ANALYSIS = YES;
				CLANG_WARN_STRICT_PROTOTYPES = YES;
				CLANG_WARN_SUSPICIOUS_MOVE = YES;
				CLANG_WARN_UNGUARDED_AVAILABILITY = YES_AGGRESSIVE;
				CLANG_WARN_UNREACHABLE_CODE = YES;
				CLANG_WARN__DUPLICATE_METHOD_MATCH = YES;
				CODE_SIGN_IDENTITY = "iPhone Developer";
				COPY_PHASE_STRIP = NO;
				DEBUG_INFORMATION_FORMAT = "dwarf-with-dsym";
				ENABLE_NS_ASSERTIONS = NO;
				ENABLE_STRICT_OBJC_MSGSEND = YES;
				GCC_C_LANGUAGE_STANDARD = gnu11;
				GCC_NO_COMMON_BLOCKS = YES;
				GCC_WARN_64_TO_32_BIT_CONVERSION = YES;
				GCC_WARN_ABOUT_RETURN_TYPE = YES_ERROR;
				GCC_WARN_UNDECLARED_SELECTOR = YES;
				GCC_WARN_UNINITIALIZED_AUTOS = YES_AGGRESSIVE;
				GCC_WARN_UNUSED_FUNCTION = YES;
				GCC_WARN_UNUSED_VARIABLE = YES;
				IPHONEOS_DEPLOYMENT_TARGET = 8.0;
				MTL_ENABLE_DEBUG_INFO = NO;
				SDKROOT = iphoneos;
				VALIDATE_PRODUCT = YES;
			};
			name = Release;
		};
		9FBF5DCB1FF510690032418D /* Debug */ = {
			isa = XCBuildConfiguration;
			baseConfigurationReference = D46D6C7556264FF3942F81CA /* Pods-GitPeep.debug.xcconfig */;
			buildSettings = {
				ASSETCATALOG_COMPILER_APPICON_NAME = AppIcon;
				CODE_SIGN_STYLE = Automatic;
				DEVELOPMENT_TEAM = RCN9P9HHK2;
				FRAMEWORK_SEARCH_PATHS = (
					"$(inherited)",
					"$(PROJECT_DIR)",
				);
				GCC_PRECOMPILE_PREFIX_HEADER = YES;
				GCC_PREFIX_HEADER = "$(SRCROOT)/GitPeep/PrefixHeader.pch";
				INFOPLIST_FILE = GitPeep/Info.plist;
				IPHONEOS_DEPLOYMENT_TARGET = 8.0;
				LD_RUNPATH_SEARCH_PATHS = "$(inherited) @executable_path/Frameworks";
				PRODUCT_BUNDLE_IDENTIFIER = com.tianyao.GitPeep;
				PRODUCT_NAME = "$(TARGET_NAME)";
				TARGETED_DEVICE_FAMILY = "1,2";
			};
			name = Debug;
		};
		9FBF5DCC1FF510690032418D /* Release */ = {
			isa = XCBuildConfiguration;
			baseConfigurationReference = A669BE2CFC8D05F0B762DE1F /* Pods-GitPeep.release.xcconfig */;
			buildSettings = {
				ASSETCATALOG_COMPILER_APPICON_NAME = AppIcon;
				CODE_SIGN_STYLE = Automatic;
				DEVELOPMENT_TEAM = RCN9P9HHK2;
				FRAMEWORK_SEARCH_PATHS = (
					"$(inherited)",
					"$(PROJECT_DIR)",
				);
				GCC_PRECOMPILE_PREFIX_HEADER = YES;
				GCC_PREFIX_HEADER = "$(SRCROOT)/GitPeep/PrefixHeader.pch";
				INFOPLIST_FILE = GitPeep/Info.plist;
				IPHONEOS_DEPLOYMENT_TARGET = 8.0;
				LD_RUNPATH_SEARCH_PATHS = "$(inherited) @executable_path/Frameworks";
				PRODUCT_BUNDLE_IDENTIFIER = com.tianyao.GitPeep;
				PRODUCT_NAME = "$(TARGET_NAME)";
				TARGETED_DEVICE_FAMILY = "1,2";
			};
			name = Release;
		};
		9FBF5DCE1FF510690032418D /* Debug */ = {
			isa = XCBuildConfiguration;
			baseConfigurationReference = 956CEF98E0C9C96FE156CB86 /* Pods-GitPeepTests.debug.xcconfig */;
			buildSettings = {
				BUNDLE_LOADER = "$(TEST_HOST)";
				CODE_SIGN_STYLE = Automatic;
				DEVELOPMENT_TEAM = RCN9P9HHK2;
				INFOPLIST_FILE = GitPeepTests/Info.plist;
				LD_RUNPATH_SEARCH_PATHS = "$(inherited) @executable_path/Frameworks @loader_path/Frameworks";
				PRODUCT_BUNDLE_IDENTIFIER = com.test.com.GitPeepTests;
				PRODUCT_NAME = "$(TARGET_NAME)";
				TARGETED_DEVICE_FAMILY = "1,2";
				TEST_HOST = "$(BUILT_PRODUCTS_DIR)/GitPeep.app/GitPeep";
			};
			name = Debug;
		};
		9FBF5DCF1FF510690032418D /* Release */ = {
			isa = XCBuildConfiguration;
			baseConfigurationReference = 1CF1D49280F965098EB470EE /* Pods-GitPeepTests.release.xcconfig */;
			buildSettings = {
				BUNDLE_LOADER = "$(TEST_HOST)";
				CODE_SIGN_STYLE = Automatic;
				DEVELOPMENT_TEAM = RCN9P9HHK2;
				INFOPLIST_FILE = GitPeepTests/Info.plist;
				LD_RUNPATH_SEARCH_PATHS = "$(inherited) @executable_path/Frameworks @loader_path/Frameworks";
				PRODUCT_BUNDLE_IDENTIFIER = com.test.com.GitPeepTests;
				PRODUCT_NAME = "$(TARGET_NAME)";
				TARGETED_DEVICE_FAMILY = "1,2";
				TEST_HOST = "$(BUILT_PRODUCTS_DIR)/GitPeep.app/GitPeep";
			};
			name = Release;
		};
		9FBF5DD11FF510690032418D /* Debug */ = {
			isa = XCBuildConfiguration;
			baseConfigurationReference = 0D34CA5B71BC2795E7568D7D /* Pods-GitPeepUITests.debug.xcconfig */;
			buildSettings = {
				CODE_SIGN_STYLE = Automatic;
				DEVELOPMENT_TEAM = RCN9P9HHK2;
				INFOPLIST_FILE = GitPeepUITests/Info.plist;
				LD_RUNPATH_SEARCH_PATHS = "$(inherited) @executable_path/Frameworks @loader_path/Frameworks";
				PRODUCT_BUNDLE_IDENTIFIER = com.test.com.GitPeepUITests;
				PRODUCT_NAME = "$(TARGET_NAME)";
				TARGETED_DEVICE_FAMILY = "1,2";
				TEST_TARGET_NAME = GitPeep;
			};
			name = Debug;
		};
		9FBF5DD21FF510690032418D /* Release */ = {
			isa = XCBuildConfiguration;
			baseConfigurationReference = 2EC9BCCFC8812056E42CC6EE /* Pods-GitPeepUITests.release.xcconfig */;
			buildSettings = {
				CODE_SIGN_STYLE = Automatic;
				DEVELOPMENT_TEAM = RCN9P9HHK2;
				INFOPLIST_FILE = GitPeepUITests/Info.plist;
				LD_RUNPATH_SEARCH_PATHS = "$(inherited) @executable_path/Frameworks @loader_path/Frameworks";
				PRODUCT_BUNDLE_IDENTIFIER = com.test.com.GitPeepUITests;
				PRODUCT_NAME = "$(TARGET_NAME)";
				TARGETED_DEVICE_FAMILY = "1,2";
				TEST_TARGET_NAME = GitPeep;
			};
			name = Release;
		};
/* End XCBuildConfiguration section */

/* Begin XCConfigurationList section */
		9FBF5D991FF510690032418D /* Build configuration list for PBXProject "GitPeep" */ = {
			isa = XCConfigurationList;
			buildConfigurations = (
				9FBF5DC81FF510690032418D /* Debug */,
				9FBF5DC91FF510690032418D /* Release */,
			);
			defaultConfigurationIsVisible = 0;
			defaultConfigurationName = Release;
		};
		9FBF5DCA1FF510690032418D /* Build configuration list for PBXNativeTarget "GitPeep" */ = {
			isa = XCConfigurationList;
			buildConfigurations = (
				9FBF5DCB1FF510690032418D /* Debug */,
				9FBF5DCC1FF510690032418D /* Release */,
			);
			defaultConfigurationIsVisible = 0;
			defaultConfigurationName = Release;
		};
		9FBF5DCD1FF510690032418D /* Build configuration list for PBXNativeTarget "GitPeepTests" */ = {
			isa = XCConfigurationList;
			buildConfigurations = (
				9FBF5DCE1FF510690032418D /* Debug */,
				9FBF5DCF1FF510690032418D /* Release */,
			);
			defaultConfigurationIsVisible = 0;
			defaultConfigurationName = Release;
		};
		9FBF5DD01FF510690032418D /* Build configuration list for PBXNativeTarget "GitPeepUITests" */ = {
			isa = XCConfigurationList;
			buildConfigurations = (
				9FBF5DD11FF510690032418D /* Debug */,
				9FBF5DD21FF510690032418D /* Release */,
			);
			defaultConfigurationIsVisible = 0;
			defaultConfigurationName = Release;
		};
/* End XCConfigurationList section */
	};
	rootObject = 9FBF5D961FF510690032418D /* Project object */;
}
